// !$*UTF8*$!
{
	archiveVersion = 1;
	classes = {
	};
	objectVersion = 50;
	objects = {

/* Begin PBXBuildFile section */
		18613C9B2298032000102760 /* AppDelegate.swift in Sources */ = {isa = PBXBuildFile; fileRef = 18613C9A2298032000102760 /* AppDelegate.swift */; };
		18613C9D2298032000102760 /* ViewController.swift in Sources */ = {isa = PBXBuildFile; fileRef = 18613C9C2298032000102760 /* ViewController.swift */; };
		18613CA02298032000102760 /* Main.storyboard in Resources */ = {isa = PBXBuildFile; fileRef = 18613C9E2298032000102760 /* Main.storyboard */; };
		18613CA22298032500102760 /* Assets.xcassets in Resources */ = {isa = PBXBuildFile; fileRef = 18613CA12298032400102760 /* Assets.xcassets */; };
		18613CA52298032500102760 /* LaunchScreen.storyboard in Resources */ = {isa = PBXBuildFile; fileRef = 18613CA32298032500102760 /* LaunchScreen.storyboard */; };
		18613CAD2298037200102760 /* customGIF.gif in Resources */ = {isa = PBXBuildFile; fileRef = 18613CAC2298037100102760 /* customGIF.gif */; };
		18613CAF229803BB00102760 /* UIImage+Gif.swift in Sources */ = {isa = PBXBuildFile; fileRef = 18613CAE229803BB00102760 /* UIImage+Gif.swift */; };
/* End PBXBuildFile section */

/* Begin PBXFileReference section */
		18613C972298032000102760 /* Swift_GIFDemo.app */ = {isa = PBXFileReference; explicitFileType = wrapper.application; includeInIndex = 0; path = Swift_GIFDemo.app; sourceTree = BUILT_PRODUCTS_DIR; };
		18613C9A2298032000102760 /* AppDelegate.swift */ = {isa = PBXFileReference; lastKnownFileType = sourcecode.swift; path = AppDelegate.swift; sourceTree = "<group>"; };
		18613C9C2298032000102760 /* ViewController.swift */ = {isa = PBXFileReference; lastKnownFileType = sourcecode.swift; path = ViewController.swift; sourceTree = "<group>"; };
		18613C9F2298032000102760 /* Base */ = {isa = PBXFileReference; lastKnownFileType = file.storyboard; name = Base; path = Base.lproj/Main.storyboard; sourceTree = "<group>"; };
		18613CA12298032400102760 /* Assets.xcassets */ = {isa = PBXFileReference; lastKnownFileType = folder.assetcatalog; path = Assets.xcassets; sourceTree = "<group>"; };
		18613CA42298032500102760 /* Base */ = {isa = PBXFileReference; lastKnownFileType = file.storyboard; name = Base; path = Base.lproj/LaunchScreen.storyboard; sourceTree = "<group>"; };
		18613CA62298032500102760 /* Info.plist */ = {isa = PBXFileReference; lastKnownFileType = text.plist.xml; path = Info.plist; sourceTree = "<group>"; };
		18613CAC2298037100102760 /* customGIF.gif */ = {isa = PBXFileReference; lastKnownFileType = image.gif; path = customGIF.gif; sourceTree = "<group>"; };
		18613CAE229803BB00102760 /* UIImage+Gif.swift */ = {isa = PBXFileReference; fileEncoding = 4; lastKnownFileType = sourcecode.swift; path = "UIImage+Gif.swift"; sourceTree = "<group>"; };
/* End PBXFileReference section */

/* Begin PBXFrameworksBuildPhase section */
		18613C942298032000102760 /* Frameworks */ = {
			isa = PBXFrameworksBuildPhase;
			buildActionMask = 2147483647;
			files = (
			);
			runOnlyForDeploymentPostprocessing = 0;
		};
/* End PBXFrameworksBuildPhase section */

/* Begin PBXGroup section */
		18613C8E2298032000102760 = {
			isa = PBXGroup;
			children = (
				18613C992298032000102760 /* Swift_GIFDemo */,
				18613C982298032000102760 /* Products */,
			);
			sourceTree = "<group>";
		};
		18613C982298032000102760 /* Products */ = {
			isa = PBXGroup;
			children = (
				18613C972298032000102760 /* Swift_GIFDemo.app */,
			);
			name = Products;
			sourceTree = "<group>";
		};
		18613C992298032000102760 /* Swift_GIFDemo */ = {
			isa = PBXGroup;
			children = (
				18613C9A2298032000102760 /* AppDelegate.swift */,
				18613C9C2298032000102760 /* ViewController.swift */,
				18613CAC2298037100102760 /* customGIF.gif */,
				18613C9E2298032000102760 /* Main.storyboard */,
				18613CA12298032400102760 /* Assets.xcassets */,
				18613CAE229803BB00102760 /* UIImage+Gif.swift */,
				18613CA32298032500102760 /* LaunchScreen.storyboard */,
				18613CA62298032500102760 /* Info.plist */,
			);
			path = Swift_GIFDemo;
			sourceTree = "<group>";
		};
/* End PBXGroup section */

/* Begin PBXNativeTarget section */
		18613C962298032000102760 /* Swift_GIFDemo */ = {
			isa = PBXNativeTarget;
			buildConfigurationList = 18613CA92298032500102760 /* Build configuration list for PBXNativeTarget "Swift_GIFDemo" */;
			buildPhases = (
				18613C932298032000102760 /* Sources */,
				18613C942298032000102760 /* Frameworks */,
				18613C952298032000102760 /* Resources */,
			);
			buildRules = (
			);
			dependencies = (
			);
			name = Swift_GIFDemo;
			productName = Swift_GIFDemo;
			productReference = 18613C972298032000102760 /* Swift_GIFDemo.app */;
			productType = "com.apple.product-type.application";
		};
/* End PBXNativeTarget section */

/* Begin PBXProject section */
		18613C8F2298032000102760 /* Project object */ = {
			isa = PBXProject;
			attributes = {
				LastSwiftUpdateCheck = 1020;
				LastUpgradeCheck = 1020;
				ORGANIZATIONNAME = Apple;
				TargetAttributes = {
					18613C962298032000102760 = {
						CreatedOnToolsVersion = 10.2;
					};
				};
			};
			buildConfigurationList = 18613C922298032000102760 /* Build configuration list for PBXProject "Swift_GIFDemo" */;
			compatibilityVersion = "Xcode 9.3";
			developmentRegion = en;
			hasScannedForEncodings = 0;
			knownRegions = (
				en,
				Base,
			);
			mainGroup = 18613C8E2298032000102760;
			productRefGroup = 18613C982298032000102760 /* Products */;
			projectDirPath = "";
			projectRoot = "";
			targets = (
				18613C962298032000102760 /* Swift_GIFDemo */,
			);
		};
/* End PBXProject section */

/* Begin PBXResourcesBuildPhase section */
		18613C952298032000102760 /* Resources */ = {
			isa = PBXResourcesBuildPhase;
			buildActionMask = 2147483647;
			files = (
				18613CA52298032500102760 /* LaunchScreen.storyboard in Resources */,
				18613CA22298032500102760 /* Assets.xcassets in Resources */,
				18613CAD2298037200102760 /* customGIF.gif in Resources */,
				18613CA02298032000102760 /* Main.storyboard in Resources */,
			);
			runOnlyForDeploymentPostprocessing = 0;
		};
/* End PBXResourcesBuildPhase section */

/* Begin PBXSourcesBuildPhase section */
		18613C932298032000102760 /* Sources */ = {
			isa = PBXSourcesBuildPhase;
			buildActionMask = 2147483647;
			files = (
				18613CAF229803BB00102760 /* UIImage+Gif.swift in Sources */,
				18613C9D2298032000102760 /* ViewController.swift in Sources */,
				18613C9B2298032000102760 /* AppDelegate.swift in Sources */,
			);
			runOnlyForDeploymentPostprocessing = 0;
		};
/* End PBXSourcesBuildPhase section */

/* Begin PBXVariantGroup section */
		18613C9E2298032000102760 /* Main.storyboard */ = {
			isa = PBXVariantGroup;
			children = (
				18613C9F2298032000102760 /* Base */,
			);
			name = Main.storyboard;
			sourceTree = "<group>";
		};
		18613CA32298032500102760 /* LaunchScreen.storyboard */ = {
			isa = PBXVariantGroup;
			children = (
				18613CA42298032500102760 /* Base */,
			);
			name = LaunchScreen.storyboard;
			sourceTree = "<group>";
		};
/* End PBXVariantGroup section */

/* Begin XCBuildConfiguration section */
		18613CA72298032500102760 /* Debug */ = {
			isa = XCBuildConfiguration;
			buildSettings = {
				ALWAYS_SEARCH_USER_PATHS = NO;
				CLANG_ANALYZER_NONNULL = YES;
				CLANG_ANALYZER_NUMBER_OBJECT_CONVERSION = YES_AGGRESSIVE;
				CLANG_CXX_LANGUAGE_STANDARD = "gnu++14";
				CLANG_CXX_LIBRARY = "libc++";
				CLANG_ENABLE_MODULES = YES;
				CLANG_ENABLE_OBJC_ARC = YES;
				CLANG_ENABLE_OBJC_WEAK = YES;
				CLANG_WARN_BLOCK_CAPTURE_AUTORELEASING = YES;
				CLANG_WARN_BOOL_CONVERSION = YES;
				CLANG_WARN_COMMA = YES;
				CLANG_WARN_CONSTANT_CONVERSION = YES;
				CLANG_WARN_DEPRECATED_OBJC_IMPLEMENTATIONS = YES;
				CLANG_WARN_DIRECT_OBJC_ISA_USAGE = YES_ERROR;
				CLANG_WARN_DOCUMENTATION_COMMENTS = YES;
				CLANG_WARN_EMPTY_BODY = YES;
				CLANG_WARN_ENUM_CONVERSION = YES;
				CLANG_WARN_INFINITE_RECURSION = YES;
				CLANG_WARN_INT_CONVERSION = YES;
				CLANG_WARN_NON_LITERAL_NULL_CONVERSION = YES;
				CLANG_WARN_OBJC_IMPLICIT_RETAIN_SELF = YES;
				CLANG_WARN_OBJC_LITERAL_CONVERSION = YES;
				CLANG_WARN_OBJC_ROOT_CLASS = YES_ERROR;
				CLANG_WARN_RANGE_LOOP_ANALYSIS = YES;
				CLANG_WARN_STRICT_PROTOTYPES = YES;
				CLANG_WARN_SUSPICIOUS_MOVE = YES;
				CLANG_WARN_UNGUARDED_AVAILABILITY = YES_AGGRESSIVE;
				CLANG_WARN_UNREACHABLE_CODE = YES;
				CLANG_WARN__DUPLICATE_METHOD_MATCH = YES;
				CODE_SIGN_IDENTITY = "iPhone Developer";
				COPY_PHASE_STRIP = NO;
				DEBUG_INFORMATION_FORMAT = dwarf;
				ENABLE_STRICT_OBJC_MSGSEND = YES;
				ENABLE_TESTABILITY = YES;
				GCC_C_LANGUAGE_STANDARD = gnu11;
				GCC_DYNAMIC_NO_PIC = NO;
				GCC_NO_COMMON_BLOCKS = YES;
				GCC_OPTIMIZATION_LEVEL = 0;
				GCC_PREPROCESSOR_DEFINITIONS = (
					"DEBUG=1",
					"$(inherited)",
				);
				GCC_WARN_64_TO_32_BIT_CONVERSION = YES;
				GCC_WARN_ABOUT_RETURN_TYPE = YES_ERROR;
				GCC_WARN_UNDECLARED_SELECTOR = YES;
				GCC_WARN_UNINITIALIZED_AUTOS = YES_AGGRESSIVE;
				GCC_WARN_UNUSED_FUNCTION = YES;
				GCC_WARN_UNUSED_VARIABLE = YES;
				IPHONEOS_DEPLOYMENT_TARGET = 12.2;
				MTL_ENABLE_DEBUG_INFO = INCLUDE_SOURCE;
				MTL_FAST_MATH = YES;
				ONLY_ACTIVE_ARCH = YES;
				SDKROOT = iphoneos;
				SWIFT_ACTIVE_COMPILATION_CONDITIONS = DEBUG;
				SWIFT_OPTIMIZATION_LEVEL = "-Onone";
			};
			name = Debug;
		};
		18613CA82298032500102760 /* Release */ = {
			isa = XCBuildConfiguration;
			buildSettings = {
				ALWAYS_SEARCH_USER_PATHS = NO;
				CLANG_ANALYZER_NONNULL = YES;
				CLANG_ANALYZER_NUMBER_OBJECT_CONVERSION = YES_AGGRESSIVE;
				CLANG_CXX_LANGUAGE_STANDARD = "gnu++14";
				CLANG_CXX_LIBRARY = "libc++";
				CLANG_ENABLE_MODULES = YES;
				CLANG_ENABLE_OBJC_ARC = YES;
				CLANG_ENABLE_OBJC_WEAK = YES;
				CLANG_WARN_BLOCK_CAPTURE_AUTORELEASING = YES;
				CLANG_WARN_BOOL_CONVERSION = YES;
				CLANG_WARN_COMMA = YES;
				CLANG_WARN_CONSTANT_CONVERSION = YES;
				CLANG_WARN_DEPRECATED_OBJC_IMPLEMENTATIONS = YES;
				CLANG_WARN_DIRECT_OBJC_ISA_USAGE = YES_ERROR;
				CLANG_WARN_DOCUMENTATION_COMMENTS = YES;
				CLANG_WARN_EMPTY_BODY = YES;
				CLANG_WARN_ENUM_CONVERSION = YES;
				CLANG_WARN_INFINITE_RECURSION = YES;
				CLANG_WARN_INT_CONVERSION = YES;
				CLANG_WARN_NON_LITERAL_NULL_CONVERSION = YES;
				CLANG_WARN_OBJC_IMPLICIT_RETAIN_SELF = YES;
				CLANG_WARN_OBJC_LITERAL_CONVERSION = YES;
				CLANG_WARN_OBJC_ROOT_CLASS = YES_ERROR;
				CLANG_WARN_RANGE_LOOP_ANALYSIS = YES;
				CLANG_WARN_STRICT_PROTOTYPES = YES;
				CLANG_WARN_SUSPICIOUS_MOVE = YES;
				CLANG_WARN_UNGUARDED_AVAILABILITY = YES_AGGRESSIVE;
				CLANG_WARN_UNREACHABLE_CODE = YES;
				CLANG_WARN__DUPLICATE_METHOD_MATCH = YES;
				CODE_SIGN_IDENTITY = "iPhone Developer";
				COPY_PHASE_STRIP = NO;
				DEBUG_INFORMATION_FORMAT = "dwarf-with-dsym";
				ENABLE_NS_ASSERTIONS = NO;
				ENABLE_STRICT_OBJC_MSGSEND = YES;
				GCC_C_LANGUAGE_STANDARD = gnu11;
				GCC_NO_COMMON_BLOCKS = YES;
				GCC_WARN_64_TO_32_BIT_CONVERSION = YES;
				GCC_WARN_ABOUT_RETURN_TYPE = YES_ERROR;
				GCC_WARN_UNDECLARED_SELECTOR = YES;
				GCC_WARN_UNINITIALIZED_AUTOS = YES_AGGRESSIVE;
				GCC_WARN_UNUSED_FUNCTION = YES;
				GCC_WARN_UNUSED_VARIABLE = YES;
				IPHONEOS_DEPLOYMENT_TARGET = 12.2;
				MTL_ENABLE_DEBUG_INFO = NO;
				MTL_FAST_MATH = YES;
				SDKROOT = iphoneos;
				SWIFT_COMPILATION_MODE = wholemodule;
				SWIFT_OPTIMIZATION_LEVEL = "-O";
				VALIDATE_PRODUCT = YES;
			};
			name = Release;
		};
		18613CAA2298032500102760 /* Debug */ = {
			isa = XCBuildConfiguration;
			buildSettings = {
				ASSETCATALOG_COMPILER_APPICON_NAME = AppIcon;
				CODE_SIGN_STYLE = Automatic;
				DEVELOPMENT_TEAM = PHWDGYX98M;
				INFOPLIST_FILE = Swift_GIFDemo/Info.plist;
				IPHONEOS_DEPLOYMENT_TARGET = 9.0;
				LD_RUNPATH_SEARCH_PATHS = (
					"$(inherited)",
					"@executable_path/Frameworks",
				);
				PRODUCT_BUNDLE_IDENTIFIER = "com.app.Swift-GIFDemo";
				PRODUCT_NAME = "$(TARGET_NAME)";
				SWIFT_VERSION = 5.0;
				TARGETED_DEVICE_FAMILY = "1,2";
			};
			name = Debug;
		};
		18613CAB2298032500102760 /* Release */ = {
			isa = XCBuildConfiguration;
			buildSettings = {
				ASSETCATALOG_COMPILER_APPICON_NAME = AppIcon;
				CODE_SIGN_STYLE = Automatic;
				DEVELOPMENT_TEAM = PHWDGYX98M;
				INFOPLIST_FILE = Swift_GIFDemo/Info.plist;
				IPHONEOS_DEPLOYMENT_TARGET = 9.0;
				LD_RUNPATH_SEARCH_PATHS = (
					"$(inherited)",
					"@executable_path/Frameworks",
				);
				PRODUCT_BUNDLE_IDENTIFIER = "com.app.Swift-GIFDemo";
				PRODUCT_NAME = "$(TARGET_NAME)";
				SWIFT_VERSION = 5.0;
				TARGETED_DEVICE_FAMILY = "1,2";
			};
			name = Release;
		};
/* End XCBuildConfiguration section */

/* Begin XCConfigurationList section */
		18613C922298032000102760 /* Build configuration list for PBXProject "Swift_GIFDemo" */ = {
			isa = XCConfigurationList;
			buildConfigurations = (
				18613CA72298032500102760 /* Debug */,
				18613CA82298032500102760 /* Release */,
			);
			defaultConfigurationIsVisible = 0;
			defaultConfigurationName = Release;
		};
		18613CA92298032500102760 /* Build configuration list for PBXNativeTarget "Swift_GIFDemo" */ = {
			isa = XCConfigurationList;
			buildConfigurations = (
				18613CAA2298032500102760 /* Debug */,
				18613CAB2298032500102760 /* Release */,
			);
			defaultConfigurationIsVisible = 0;
			defaultConfigurationName = Release;
		};
/* End XCConfigurationList section */
	};
	rootObject = 18613C8F2298032000102760 /* Project object */;
}
